// !$*UTF8*$!
{
	archiveVersion = 1;
	classes = {
	};
	objectVersion = 46;
	objects = {

/* Begin PBXBuildFile section */
		4565538A1ABAE5EE008A8380 /* AppDelegate.swift in Sources */ = {isa = PBXBuildFile; fileRef = 456553891ABAE5EE008A8380 /* AppDelegate.swift */; };
		4565538C1ABAE5EE008A8380 /* ViewController.swift in Sources */ = {isa = PBXBuildFile; fileRef = 4565538B1ABAE5EE008A8380 /* ViewController.swift */; };
		4565538F1ABAE5EE008A8380 /* Main.storyboard in Resources */ = {isa = PBXBuildFile; fileRef = 4565538D1ABAE5EE008A8380 /* Main.storyboard */; };
		456553911ABAE5EE008A8380 /* Images.xcassets in Resources */ = {isa = PBXBuildFile; fileRef = 456553901ABAE5EE008A8380 /* Images.xcassets */; };
		456553941ABAE5EE008A8380 /* LaunchScreen.xib in Resources */ = {isa = PBXBuildFile; fileRef = 456553921ABAE5EE008A8380 /* LaunchScreen.xib */; };
		456553A01ABAE5EE008A8380 /* EquipmentManagerTests.swift in Sources */ = {isa = PBXBuildFile; fileRef = 4565539F1ABAE5EE008A8380 /* EquipmentManagerTests.swift */; };
/* End PBXBuildFile section */

/* Begin PBXContainerItemProxy section */
		4565539A1ABAE5EE008A8380 /* PBXContainerItemProxy */ = {
			isa = PBXContainerItemProxy;
			containerPortal = 4565537C1ABAE5EE008A8380 /* Project object */;
			proxyType = 1;
			remoteGlobalIDString = 456553831ABAE5EE008A8380;
			remoteInfo = EquipmentManager;
		};
/* End PBXContainerItemProxy section */

/* Begin PBXFileReference section */
		456553841ABAE5EE008A8380 /* EquipmentManager.app */ = {isa = PBXFileReference; explicitFileType = wrapper.application; includeInIndex = 0; path = EquipmentManager.app; sourceTree = BUILT_PRODUCTS_DIR; };
		456553881ABAE5EE008A8380 /* Info.plist */ = {isa = PBXFileReference; lastKnownFileType = text.plist.xml; path = Info.plist; sourceTree = "<group>"; };
		456553891ABAE5EE008A8380 /* AppDelegate.swift */ = {isa = PBXFileReference; lastKnownFileType = sourcecode.swift; path = AppDelegate.swift; sourceTree = "<group>"; };
		4565538B1ABAE5EE008A8380 /* ViewController.swift */ = {isa = PBXFileReference; lastKnownFileType = sourcecode.swift; path = ViewController.swift; sourceTree = "<group>"; };
		4565538E1ABAE5EE008A8380 /* Base */ = {isa = PBXFileReference; lastKnownFileType = file.storyboard; name = Base; path = Base.lproj/Main.storyboard; sourceTree = "<group>"; };
		456553901ABAE5EE008A8380 /* Images.xcassets */ = {isa = PBXFileReference; lastKnownFileType = folder.assetcatalog; path = Images.xcassets; sourceTree = "<group>"; };
		456553931ABAE5EE008A8380 /* Base */ = {isa = PBXFileReference; lastKnownFileType = file.xib; name = Base; path = Base.lproj/LaunchScreen.xib; sourceTree = "<group>"; };
		456553991ABAE5EE008A8380 /* EquipmentManagerTests.xctest */ = {isa = PBXFileReference; explicitFileType = wrapper.cfbundle; includeInIndex = 0; path = EquipmentManagerTests.xctest; sourceTree = BUILT_PRODUCTS_DIR; };
		4565539E1ABAE5EE008A8380 /* Info.plist */ = {isa = PBXFileReference; lastKnownFileType = text.plist.xml; path = Info.plist; sourceTree = "<group>"; };
		4565539F1ABAE5EE008A8380 /* EquipmentManagerTests.swift */ = {isa = PBXFileReference; lastKnownFileType = sourcecode.swift; path = EquipmentManagerTests.swift; sourceTree = "<group>"; };
/* End PBXFileReference section */

/* Begin PBXFrameworksBuildPhase section */
		456553811ABAE5EE008A8380 /* Frameworks */ = {
			isa = PBXFrameworksBuildPhase;
			buildActionMask = 2147483647;
			files = (
			);
			runOnlyForDeploymentPostprocessing = 0;
		};
		456553961ABAE5EE008A8380 /* Frameworks */ = {
			isa = PBXFrameworksBuildPhase;
			buildActionMask = 2147483647;
			files = (
			);
			runOnlyForDeploymentPostprocessing = 0;
		};
/* End PBXFrameworksBuildPhase section */

/* Begin PBXGroup section */
		4565537B1ABAE5EE008A8380 = {
			isa = PBXGroup;
			children = (
				456553861ABAE5EE008A8380 /* EquipmentManager */,
				4565539C1ABAE5EE008A8380 /* EquipmentManagerTests */,
				456553851ABAE5EE008A8380 /* Products */,
			);
			sourceTree = "<group>";
		};
		456553851ABAE5EE008A8380 /* Products */ = {
			isa = PBXGroup;
			children = (
				456553841ABAE5EE008A8380 /* EquipmentManager.app */,
				456553991ABAE5EE008A8380 /* EquipmentManagerTests.xctest */,
			);
			name = Products;
			sourceTree = "<group>";
		};
		456553861ABAE5EE008A8380 /* EquipmentManager */ = {
			isa = PBXGroup;
			children = (
				456553891ABAE5EE008A8380 /* AppDelegate.swift */,
				4565538B1ABAE5EE008A8380 /* ViewController.swift */,
				4565538D1ABAE5EE008A8380 /* Main.storyboard */,
				456553901ABAE5EE008A8380 /* Images.xcassets */,
				456553921ABAE5EE008A8380 /* LaunchScreen.xib */,
				456553871ABAE5EE008A8380 /* Supporting Files */,
			);
			path = EquipmentManager;
			sourceTree = "<group>";
		};
		456553871ABAE5EE008A8380 /* Supporting Files */ = {
			isa = PBXGroup;
			children = (
				456553881ABAE5EE008A8380 /* Info.plist */,
			);
			name = "Supporting Files";
			sourceTree = "<group>";
		};
		4565539C1ABAE5EE008A8380 /* EquipmentManagerTests */ = {
			isa = PBXGroup;
			children = (
				4565539F1ABAE5EE008A8380 /* EquipmentManagerTests.swift */,
				4565539D1ABAE5EE008A8380 /* Supporting Files */,
			);
			path = EquipmentManagerTests;
			sourceTree = "<group>";
		};
		4565539D1ABAE5EE008A8380 /* Supporting Files */ = {
			isa = PBXGroup;
			children = (
				4565539E1ABAE5EE008A8380 /* Info.plist */,
			);
			name = "Supporting Files";
			sourceTree = "<group>";
		};
/* End PBXGroup section */

/* Begin PBXNativeTarget section */
		456553831ABAE5EE008A8380 /* EquipmentManager */ = {
			isa = PBXNativeTarget;
			buildConfigurationList = 456553A31ABAE5EE008A8380 /* Build configuration list for PBXNativeTarget "EquipmentManager" */;
			buildPhases = (
				456553801ABAE5EE008A8380 /* Sources */,
				456553811ABAE5EE008A8380 /* Frameworks */,
				456553821ABAE5EE008A8380 /* Resources */,
			);
			buildRules = (
			);
			dependencies = (
			);
			name = EquipmentManager;
			productName = EquipmentManager;
			productReference = 456553841ABAE5EE008A8380 /* EquipmentManager.app */;
			productType = "com.apple.product-type.application";
		};
		456553981ABAE5EE008A8380 /* EquipmentManagerTests */ = {
			isa = PBXNativeTarget;
			buildConfigurationList = 456553A61ABAE5EE008A8380 /* Build configuration list for PBXNativeTarget "EquipmentManagerTests" */;
			buildPhases = (
				456553951ABAE5EE008A8380 /* Sources */,
				456553961ABAE5EE008A8380 /* Frameworks */,
				456553971ABAE5EE008A8380 /* Resources */,
			);
			buildRules = (
			);
			dependencies = (
				4565539B1ABAE5EE008A8380 /* PBXTargetDependency */,
			);
			name = EquipmentManagerTests;
			productName = EquipmentManagerTests;
			productReference = 456553991ABAE5EE008A8380 /* EquipmentManagerTests.xctest */;
			productType = "com.apple.product-type.bundle.unit-test";
		};
/* End PBXNativeTarget section */

/* Begin PBXProject section */
		4565537C1ABAE5EE008A8380 /* Project object */ = {
			isa = PBXProject;
			attributes = {
				LastUpgradeCheck = 0610;
				ORGANIZATIONNAME = lsd;
				TargetAttributes = {
					456553831ABAE5EE008A8380 = {
						CreatedOnToolsVersion = 6.1.1;
					};
					456553981ABAE5EE008A8380 = {
						CreatedOnToolsVersion = 6.1.1;
						TestTargetID = 456553831ABAE5EE008A8380;
					};
				};
			};
			buildConfigurationList = 4565537F1ABAE5EE008A8380 /* Build configuration list for PBXProject "EquipmentManager" */;
			compatibilityVersion = "Xcode 3.2";
			developmentRegion = English;
			hasScannedForEncodings = 0;
			knownRegions = (
				en,
				Base,
			);
			mainGroup = 4565537B1ABAE5EE008A8380;
			productRefGroup = 456553851ABAE5EE008A8380 /* Products */;
			projectDirPath = "";
			projectRoot = "";
			targets = (
				456553831ABAE5EE008A8380 /* EquipmentManager */,
				456553981ABAE5EE008A8380 /* EquipmentManagerTests */,
			);
		};
/* End PBXProject section */

/* Begin PBXResourcesBuildPhase section */
		456553821ABAE5EE008A8380 /* Resources */ = {
			isa = PBXResourcesBuildPhase;
			buildActionMask = 2147483647;
			files = (
				4565538F1ABAE5EE008A8380 /* Main.storyboard in Resources */,
				456553941ABAE5EE008A8380 /* LaunchScreen.xib in Resources */,
				456553911ABAE5EE008A8380 /* Images.xcassets in Resources */,
			);
			runOnlyForDeploymentPostprocessing = 0;
		};
		456553971ABAE5EE008A8380 /* Resources */ = {
			isa = PBXResourcesBuildPhase;
			buildActionMask = 2147483647;
			files = (
			);
			runOnlyForDeploymentPostprocessing = 0;
		};
/* End PBXResourcesBuildPhase section */

/* Begin PBXSourcesBuildPhase section */
		456553801ABAE5EE008A8380 /* Sources */ = {
			isa = PBXSourcesBuildPhase;
			buildActionMask = 2147483647;
			files = (
				4565538C1ABAE5EE008A8380 /* ViewController.swift in Sources */,
				4565538A1ABAE5EE008A8380 /* AppDelegate.swift in Sources */,
			);
			runOnlyForDeploymentPostprocessing = 0;
		};
		456553951ABAE5EE008A8380 /* Sources */ = {
			isa = PBXSourcesBuildPhase;
			buildActionMask = 2147483647;
			files = (
				456553A01ABAE5EE008A8380 /* EquipmentManagerTests.swift in Sources */,
			);
			runOnlyForDeploymentPostprocessing = 0;
		};
/* End PBXSourcesBuildPhase section */

/* Begin PBXTargetDependency section */
		4565539B1ABAE5EE008A8380 /* PBXTargetDependency */ = {
			isa = PBXTargetDependency;
			target = 456553831ABAE5EE008A8380 /* EquipmentManager */;
			targetProxy = 4565539A1ABAE5EE008A8380 /* PBXContainerItemProxy */;
		};
/* End PBXTargetDependency section */

/* Begin PBXVariantGroup section */
		4565538D1ABAE5EE008A8380 /* Main.storyboard */ = {
			isa = PBXVariantGroup;
			children = (
				4565538E1ABAE5EE008A8380 /* Base */,
			);
			name = Main.storyboard;
			sourceTree = "<group>";
		};
		456553921ABAE5EE008A8380 /* LaunchScreen.xib */ = {
			isa = PBXVariantGroup;
			children = (
				456553931ABAE5EE008A8380 /* Base */,
			);
			name = LaunchScreen.xib;
			sourceTree = "<group>";
		};
/* End PBXVariantGroup section */

/* Begin XCBuildConfiguration section */
		456553A11ABAE5EE008A8380 /* Debug */ = {
			isa = XCBuildConfiguration;
			buildSettings = {
				ALWAYS_SEARCH_USER_PATHS = NO;
				CLANG_CXX_LANGUAGE_STANDARD = "gnu++0x";
				CLANG_CXX_LIBRARY = "libc++";
				CLANG_ENABLE_MODULES = YES;
				CLANG_ENABLE_OBJC_ARC = YES;
				CLANG_WARN_BOOL_CONVERSION = YES;
				CLANG_WARN_CONSTANT_CONVERSION = YES;
				CLANG_WARN_DIRECT_OBJC_ISA_USAGE = YES_ERROR;
				CLANG_WARN_EMPTY_BODY = YES;
				CLANG_WARN_ENUM_CONVERSION = YES;
				CLANG_WARN_INT_CONVERSION = YES;
				CLANG_WARN_OBJC_ROOT_CLASS = YES_ERROR;
				CLANG_WARN_UNREACHABLE_CODE = YES;
				CLANG_WARN__DUPLICATE_METHOD_MATCH = YES;
				"CODE_SIGN_IDENTITY[sdk=iphoneos*]" = "iPhone Developer";
				COPY_PHASE_STRIP = NO;
				ENABLE_STRICT_OBJC_MSGSEND = YES;
				GCC_C_LANGUAGE_STANDARD = gnu99;
				GCC_DYNAMIC_NO_PIC = NO;
				GCC_OPTIMIZATION_LEVEL = 0;
				GCC_PREPROCESSOR_DEFINITIONS = (
					"DEBUG=1",
					"$(inherited)",
				);
				GCC_SYMBOLS_PRIVATE_EXTERN = NO;
				GCC_WARN_64_TO_32_BIT_CONVERSION = YES;
				GCC_WARN_ABOUT_RETURN_TYPE = YES_ERROR;
				GCC_WARN_UNDECLARED_SELECTOR = YES;
				GCC_WARN_UNINITIALIZED_AUTOS = YES_AGGRESSIVE;
				GCC_WARN_UNUSED_FUNCTION = YES;
				GCC_WARN_UNUSED_VARIABLE = YES;
				IPHONEOS_DEPLOYMENT_TARGET = 8.1;
				MTL_ENABLE_DEBUG_INFO = YES;
				ONLY_ACTIVE_ARCH = YES;
				SDKROOT = iphoneos;
				SWIFT_OPTIMIZATION_LEVEL = "-Onone";
				TARGETED_DEVICE_FAMILY = "1,2";
			};
			name = Debug;
		};
		456553A21ABAE5EE008A8380 /* Release */ = {
			isa = XCBuildConfiguration;
			buildSettings = {
				ALWAYS_SEARCH_USER_PATHS = NO;
				CLANG_CXX_LANGUAGE_STANDARD = "gnu++0x";
				CLANG_CXX_LIBRARY = "libc++";
				CLANG_ENABLE_MODULES = YES;
				CLANG_ENABLE_OBJC_ARC = YES;
				CLANG_WARN_BOOL_CONVERSION = YES;
				CLANG_WARN_CONSTANT_CONVERSION = YES;
				CLANG_WARN_DIRECT_OBJC_ISA_USAGE = YES_ERROR;
				CLANG_WARN_EMPTY_BODY = YES;
				CLANG_WARN_ENUM_CONVERSION = YES;
				CLANG_WARN_INT_CONVERSION = YES;
				CLANG_WARN_OBJC_ROOT_CLASS = YES_ERROR;
				CLANG_WARN_UNREACHABLE_CODE = YES;
				CLANG_WARN__DUPLICATE_METHOD_MATCH = YES;
				"CODE_SIGN_IDENTITY[sdk=iphoneos*]" = "iPhone Developer";
				COPY_PHASE_STRIP = YES;
				ENABLE_NS_ASSERTIONS = NO;
				ENABLE_STRICT_OBJC_MSGSEND = YES;
				GCC_C_LANGUAGE_STANDARD = gnu99;
				GCC_WARN_64_TO_32_BIT_CONVERSION = YES;
				GCC_WARN_ABOUT_RETURN_TYPE = YES_ERROR;
				GCC_WARN_UNDECLARED_SELECTOR = YES;
				GCC_WARN_UNINITIALIZED_AUTOS = YES_AGGRESSIVE;
				GCC_WARN_UNUSED_FUNCTION = YES;
				GCC_WARN_UNUSED_VARIABLE = YES;
				IPHONEOS_DEPLOYMENT_TARGET = 8.1;
				MTL_ENABLE_DEBUG_INFO = NO;
				SDKROOT = iphoneos;
				TARGETED_DEVICE_FAMILY = "1,2";
				VALIDATE_PRODUCT = YES;
			};
			name = Release;
		};
		456553A41ABAE5EE008A8380 /* Debug */ = {
			isa = XCBuildConfiguration;
			buildSettings = {
				ASSETCATALOG_COMPILER_APPICON_NAME = AppIcon;
				INFOPLIST_FILE = EquipmentManager/Info.plist;
				LD_RUNPATH_SEARCH_PATHS = "$(inherited) @executable_path/Frameworks";
				PRODUCT_NAME = "$(TARGET_NAME)";
			};
			name = Debug;
		};
		456553A51ABAE5EE008A8380 /* Release */ = {
			isa = XCBuildConfiguration;
			buildSettings = {
				ASSETCATALOG_COMPILER_APPICON_NAME = AppIcon;
				INFOPLIST_FILE = EquipmentManager/Info.plist;
				LD_RUNPATH_SEARCH_PATHS = "$(inherited) @executable_path/Frameworks";
				PRODUCT_NAME = "$(TARGET_NAME)";
			};
			name = Release;
		};
		456553A71ABAE5EE008A8380 /* Debug */ = {
			isa = XCBuildConfiguration;
			buildSettings = {
				BUNDLE_LOADER = "$(TEST_HOST)";
				FRAMEWORK_SEARCH_PATHS = (
					"$(SDKROOT)/Developer/Library/Frameworks",
					"$(inherited)",
				);
				GCC_PREPROCESSOR_DEFINITIONS = (
					"DEBUG=1",
					"$(inherited)",
				);
				INFOPLIST_FILE = EquipmentManagerTests/Info.plist;
				LD_RUNPATH_SEARCH_PATHS = "$(inherited) @executable_path/Frameworks @loader_path/Frameworks";
				PRODUCT_NAME = "$(TARGET_NAME)";
				TEST_HOST = "$(BUILT_PRODUCTS_DIR)/EquipmentManager.app/EquipmentManager";
			};
			name = Debug;
		};
		456553A81ABAE5EE008A8380 /* Release */ = {
			isa = XCBuildConfiguration;
			buildSettings = {
				BUNDLE_LOADER = "$(TEST_HOST)";
				FRAMEWORK_SEARCH_PATHS = (
					"$(SDKROOT)/Developer/Library/Frameworks",
					"$(inherited)",
				);
				INFOPLIST_FILE = EquipmentManagerTests/Info.plist;
				LD_RUNPATH_SEARCH_PATHS = "$(inherited) @executable_path/Frameworks @loader_path/Frameworks";
				PRODUCT_NAME = "$(TARGET_NAME)";
				TEST_HOST = "$(BUILT_PRODUCTS_DIR)/EquipmentManager.app/EquipmentManager";
			};
			name = Release;
		};
/* End XCBuildConfiguration section */

/* Begin XCConfigurationList section */
		4565537F1ABAE5EE008A8380 /* Build configuration list for PBXProject "EquipmentManager" */ = {
			isa = XCConfigurationList;
			buildConfigurations = (
				456553A11ABAE5EE008A8380 /* Debug */,
				456553A21ABAE5EE008A8380 /* Release */,
			);
			defaultConfigurationIsVisible = 0;
			defaultConfigurationName = Release;
		};
		456553A31ABAE5EE008A8380 /* Build configuration list for PBXNativeTarget "EquipmentManager" */ = {
			isa = XCConfigurationList;
			buildConfigurations = (
				456553A41ABAE5EE008A8380 /* Debug */,
				456553A51ABAE5EE008A8380 /* Release */,
			);
			defaultConfigurationIsVisible = 0;
		};
		456553A61ABAE5EE008A8380 /* Build configuration list for PBXNativeTarget "EquipmentManagerTests" */ = {
			isa = XCConfigurationList;
			buildConfigurations = (
				456553A71ABAE5EE008A8380 /* Debug */,
				456553A81ABAE5EE008A8380 /* Release */,
			);
			defaultConfigurationIsVisible = 0;
		};
/* End XCConfigurationList section */
	};
	rootObject = 4565537C1ABAE5EE008A8380 /* Project object */;
}
